
Microsoft Visual Studio Solution File, Format Version 12.00
# Visual Studio Version 16
VisualStudioVersion = 16.0.28705.295
MinimumVisualStudioVersion = 10.0.40219.1
Project("{2150E333-8FDC-42A3-9474-1A3956D46DE8}") = "Matrix", "Matrix", "{69717604-347C-41FA-9468-C1068C4F15EC}"
EndProject
Project("{2150E333-8FDC-42A3-9474-1A3956D46DE8}") = "Matrix-Lab", "Matrix-Lab", "{1684FD56-733A-452F-866F-360CE7B52E0B}"
EndProject
Project("{9A19103F-16F7-4668-BE54-9A1E7A4F7556}") = "1_SumMatrixElements", "1_SumMatrixElements\1_SumMatrixElements.csproj", "{0A76DCCC-7525-4CE5-A422-5913692D959B}"
EndProject
Project("{FAE04EC0-301F-11D3-BF4B-00C04F79EFBC}") = "2_SquareWithMaximumSum", "_2_SquareWithMaximumSum\2_SquareWithMaximumSum.csproj", "{91299283-C127-42A6-9469-C8C808D3F402}"
EndProject
Project("{9A19103F-16F7-4668-BE54-9A1E7A4F7556}") = "3_GroupNumbers", "3_GroupNumbers\3_GroupNumbers.csproj", "{45090CC1-F112-4F24-9CA0-5762852508AD}"
EndProject
Project("{9A19103F-16F7-4668-BE54-9A1E7A4F7556}") = "4_PascalTriangle", "4_PascalTriangle\4_PascalTriangle.csproj", "{F5E149B4-68AC-4EED-B871-303067D0F7FB}"
EndProject
Project("{2150E333-8FDC-42A3-9474-1A3956D46DE8}") = "Conditions", "Conditions", "{E06A292C-4DD1-4232-99AF-8B03699F6D9F}"
	ProjectSection(SolutionItems) = preProject
		..\..\..\Install\02. Multidimensional-Arrays-Lab.docx = ..\..\..\Install\02. Multidimensional-Arrays-Lab.docx
	EndProjectSection
EndProject
Project("{2150E333-8FDC-42A3-9474-1A3956D46DE8}") = "Matrix-Exercise", "Matrix-Exercise", "{FD152BCB-1BFD-4F22-90E2-CC36AD8629DD}"
EndProject
Project("{2150E333-8FDC-42A3-9474-1A3956D46DE8}") = "Conditions", "Conditions", "{1656B798-D9A9-4590-B051-D6F111A9095D}"
	ProjectSection(SolutionItems) = preProject
		..\..\..\Install\02. Multidimensional-Arrays-Exercises.docx = ..\..\..\Install\02. Multidimensional-Arrays-Exercises.docx
	EndProjectSection
EndProject
Project("{9A19103F-16F7-4668-BE54-9A1E7A4F7556}") = "_1_MatrixOfPalindromes", "_1_MatrixOfPalindromes\_1_MatrixOfPalindromes.csproj", "{60C12CB2-7B31-4AA4-B90D-4646B14352E7}"
EndProject
Project("{9A19103F-16F7-4668-BE54-9A1E7A4F7556}") = "_2_DiagonalDifference", "_2_DiagonalDifference\_2_DiagonalDifference.csproj", "{8BBAE8E2-AB9B-4870-A0B6-B131A38251E9}"
EndProject
Project("{9A19103F-16F7-4668-BE54-9A1E7A4F7556}") = "_3_SquaresInMatrix", "_3_SquaresInMatrix\_3_SquaresInMatrix.csproj", "{F04DCA19-C613-42D5-8A9A-C758ACEF220E}"
EndProject
Project("{9A19103F-16F7-4668-BE54-9A1E7A4F7556}") = "_4_MaximalSum", "_4_MaximalSum\_4_MaximalSum.csproj", "{16BE6DEF-01EC-4628-A6F8-FED13E404BA2}"
EndProject
Project("{9A19103F-16F7-4668-BE54-9A1E7A4F7556}") = "_5_RubiksMatrix", "_5_RubiksMatrix\_5_RubiksMatrix.csproj", "{AC077147-B9F6-451B-8E98-1E94A8737F11}"
EndProject
Project("{9A19103F-16F7-4668-BE54-9A1E7A4F7556}") = "_6_TargetPractice", "_6_TargetPractice\_6_TargetPractice.csproj", "{043CEFE5-C93E-4032-B150-E54F9A68AC90}"
EndProject
Project("{9A19103F-16F7-4668-BE54-9A1E7A4F7556}") = "_7_LegoBlocks", "_7_LegoBlocks\_7_LegoBlocks.csproj", "{B58EC656-879D-47EE-BD4C-448F8A26F84C}"
EndProject
Project("{9A19103F-16F7-4668-BE54-9A1E7A4F7556}") = "_8_RadioactiveBunnies", "_8_RadioactiveBunnies\_8_RadioactiveBunnies.csproj", "{A67D5869-6D4C-4603-8E12-AABFBF18E4A3}"
EndProject
Project("{9A19103F-16F7-4668-BE54-9A1E7A4F7556}") = "_9_Crossfire", "_9_Crossfire\_9_Crossfire.csproj", "{09C395FA-552B-48D0-8BBF-6FC07B0E73E5}"
EndProject
Project("{2150E333-8FDC-42A3-9474-1A3956D46DE8}") = "FunctionalProgramming", "FunctionalProgramming", "{A247F23F-D82A-4276-A101-08586DC83753}"
EndProject
Project("{2150E333-8FDC-42A3-9474-1A3956D46DE8}") = "FuncProgr-Lab", "FuncProgr-Lab", "{B83E998B-3060-4DDE-AC7C-FE02DC9D0729}"
EndProject
Project("{2150E333-8FDC-42A3-9474-1A3956D46DE8}") = "FuncProgr-Exerc", "FuncProgr-Exerc", "{6DA8A7BB-A238-402F-BDDE-AFA27D8832B4}"
EndProject
Project("{9A19103F-16F7-4668-BE54-9A1E7A4F7556}") = "SortEvenNumbers", "SortEvenNumbers\SortEvenNumbers.csproj", "{5D6A1E89-0EB4-4D91-81FE-031862E32EAE}"
EndProject
Project("{9A19103F-16F7-4668-BE54-9A1E7A4F7556}") = "SumNumbers", "SumNumbers\SumNumbers.csproj", "{EDDFA5C1-8B3D-46F8-9B7C-0197F5821297}"
EndProject
Project("{9A19103F-16F7-4668-BE54-9A1E7A4F7556}") = "CountUppercaseWords", "CountUppercaseWords\CountUppercaseWords.csproj", "{F65BABAC-8F6B-4C5C-A6B1-963E9A2EAA0F}"
EndProject
Project("{9A19103F-16F7-4668-BE54-9A1E7A4F7556}") = "AddVAT", "AddVAT\AddVAT.csproj", "{37C6FD39-901C-49CB-87E3-F7DC154BB24A}"
EndProject
Project("{9A19103F-16F7-4668-BE54-9A1E7A4F7556}") = "FilterByAge", "FilterByAge\FilterByAge.csproj", "{3E902785-17CE-4881-8721-5C8D2CAC4FF1}"
EndProject
Project("{9A19103F-16F7-4668-BE54-9A1E7A4F7556}") = "_01_ActionPrint", "ActionPrint\_01_ActionPrint.csproj", "{A28DCA18-FFA4-4E23-B825-08913FE6235B}"
EndProject
Project("{9A19103F-16F7-4668-BE54-9A1E7A4F7556}") = "_02_KnightsOfHonor", "_02_KnightsOfHonor\_02_KnightsOfHonor.csproj", "{25132D28-1AC3-4C56-98DE-586972E76B99}"
EndProject
Project("{9A19103F-16F7-4668-BE54-9A1E7A4F7556}") = "_03_CustomMinFunction", "_03_CustomMinFunction\_03_CustomMinFunction.csproj", "{03938582-9577-43F8-9CF9-61CF9B0545C4}"
EndProject
Project("{9A19103F-16F7-4668-BE54-9A1E7A4F7556}") = "_04_FindEvensOrOdds", "_04_FindEvensOrOdds\_04_FindEvensOrOdds.csproj", "{AD5E18E8-185B-49CF-A016-B56F420BCBDF}"
EndProject
Project("{9A19103F-16F7-4668-BE54-9A1E7A4F7556}") = "_05_AppliedArithmetics", "_05_AppliedArithmetics\_05_AppliedArithmetics.csproj", "{433EB779-1CC4-413A-92E9-EBB1BC329FF2}"
EndProject
Project("{9A19103F-16F7-4668-BE54-9A1E7A4F7556}") = "_06_ReverseAndExclude", "ReverseAndExclude\_06_ReverseAndExclude.csproj", "{33458875-57B5-4E57-A86F-6763EDB90CDF}"
EndProject
Project("{9A19103F-16F7-4668-BE54-9A1E7A4F7556}") = "_07_PredicateForNames", "PredicateForNames\_07_PredicateForNames.csproj", "{46E16332-1D9A-4F6E-AC99-33FD00D4EDA2}"
EndProject
Project("{2150E333-8FDC-42A3-9474-1A3956D46DE8}") = "Conditions", "Conditions", "{E88C6D4B-7B9F-4F8F-BD07-BC5A63EBEA93}"
	ProjectSection(SolutionItems) = preProject
		..\..\..\Install\04. Functional-Programming-Lab.docx = ..\..\..\Install\04. Functional-Programming-Lab.docx
	EndProjectSection
EndProject
Project("{2150E333-8FDC-42A3-9474-1A3956D46DE8}") = "Conditons", "Conditons", "{E3882D96-F7EA-4C65-A71E-E8E2A44AAECC}"
	ProjectSection(SolutionItems) = preProject
		..\..\..\Install\05. Functional-Programming-Exercises.docx = ..\..\..\Install\05. Functional-Programming-Exercises.docx
	EndProjectSection
EndProject
Project("{9A19103F-16F7-4668-BE54-9A1E7A4F7556}") = "_08_CustomComparator", "_08_CustomComparator\_08_CustomComparator.csproj", "{2E17B4AE-AF13-42A0-A1FF-B0E3C1B6E7F8}"
EndProject
Project("{9A19103F-16F7-4668-BE54-9A1E7A4F7556}") = "_09_ListOfPredicates", "_09_ListOfPredicates\_09_ListOfPredicates.csproj", "{6792CDC5-D09C-43A4-8A7D-279224A8EFBA}"
EndProject
Project("{9A19103F-16F7-4668-BE54-9A1E7A4F7556}") = "_10_PredicateParty", "_10_PredicateParty\_10_PredicateParty.csproj", "{5D180BDD-9D07-405D-8177-22758C2A4C10}"
EndProject
Project("{9A19103F-16F7-4668-BE54-9A1E7A4F7556}") = "_11_PartyReservationFilterModule", "PartyReservationFilterModule\_11_PartyReservationFilterModule.csproj", "{F5818A24-B959-4D0A-A1A9-37AFC9DB90A6}"
EndProject
Project("{9A19103F-16F7-4668-BE54-9A1E7A4F7556}") = "_12_Inferno", "_12_Inferno\_12_Inferno.csproj", "{751FFCDD-5A95-456E-8C77-1428749B4CAE}"
EndProject
Project("{2150E333-8FDC-42A3-9474-1A3956D46DE8}") = "ExamPreparation", "ExamPreparation", "{73BE31F5-5975-478F-8C27-0648672202EA}"
EndProject
Project("{2150E333-8FDC-42A3-9474-1A3956D46DE8}") = "Exam_25June2017", "Exam_25June2017", "{BFF42F3A-C1DD-40D3-86CF-DED997F7E4E6}"
EndProject
Project("{2150E333-8FDC-42A3-9474-1A3956D46DE8}") = "Conditions", "Conditions", "{45498126-4E00-4159-A217-6AD680881178}"
	ProjectSection(SolutionItems) = preProject
		..\..\..\Install\01. Regeh_Условие.docx = ..\..\..\Install\01. Regeh_Условие.docx
		..\..\..\Install\02. Knight Game_Условие.docx = ..\..\..\Install\02. Knight Game_Условие.docx
		..\..\..\Install\03. Number Wars_Условие.docx = ..\..\..\Install\03. Number Wars_Условие.docx
		..\..\..\Install\04. Hospital_Условие.docx = ..\..\..\Install\04. Hospital_Условие.docx
	EndProjectSection
EndProject
Project("{FAE04EC0-301F-11D3-BF4B-00C04F79EFBC}") = "_1_Regeh", "_1_Regeh\_1_Regeh.csproj", "{D14EEB8F-1A80-4604-8100-02063B81B059}"
EndProject
Project("{FAE04EC0-301F-11D3-BF4B-00C04F79EFBC}") = "_2_KnightGame", "_2_KnightGame\_2_KnightGame.csproj", "{770B9EFB-2BB0-4AE6-803B-626DF9103C04}"
EndProject
Project("{FAE04EC0-301F-11D3-BF4B-00C04F79EFBC}") = "_3_NumberWars", "_3_NumberWars\_3_NumberWars.csproj", "{FCFC2EAF-8F38-414E-AAA7-4059EA2D1FC8}"
EndProject
Project("{FAE04EC0-301F-11D3-BF4B-00C04F79EFBC}") = "_4_Hospital", "_4_Hospital\_4_Hospital.csproj", "{994FA58F-1733-4A36-88AB-C5F7A17512A6}"
EndProject
Project("{2150E333-8FDC-42A3-9474-1A3956D46DE8}") = "Exam_Retake_3September2017", "Exam_Retake_3September2017", "{DB987D8B-B63D-48AF-9604-9F3557F0CAB5}"
EndProject
Project("{2150E333-8FDC-42A3-9474-1A3956D46DE8}") = "Conditions", "Conditions", "{A52947E1-0740-4F22-9065-58C40F27CAF6}"
	ProjectSection(SolutionItems) = preProject
		..\..\..\Install\01. Dangerous Floor_Условие.docx = ..\..\..\Install\01. Dangerous Floor_Условие.docx
		..\..\..\Install\02. Crypto Master_Условие.pdf = ..\..\..\Install\02. Crypto Master_Условие.pdf
		..\..\..\Install\03. Greedy Times_Условие.docx = ..\..\..\Install\03. Greedy Times_Условие.docx
		..\..\..\Install\04. Treasure Map_Условие.docx = ..\..\..\Install\04. Treasure Map_Условие.docx
	EndProjectSection
EndProject
Project("{FAE04EC0-301F-11D3-BF4B-00C04F79EFBC}") = "01_DangerousFloor", "01_DangerousFloor\01_DangerousFloor.csproj", "{A18ABE37-35AB-4A34-A995-9A0823626847}"
EndProject
Project("{FAE04EC0-301F-11D3-BF4B-00C04F79EFBC}") = "02.CryptoMaster", "02.CryptoMaster\02.CryptoMaster.csproj", "{B4AE9866-659C-4C75-9B16-851F66D19DDE}"
EndProject
Project("{FAE04EC0-301F-11D3-BF4B-00C04F79EFBC}") = "03.GreedyTimes", "03.GreedyTimes\03.GreedyTimes.csproj", "{C2F4729A-AC7A-4B64-AF2A-A0137AC86554}"
EndProject
Project("{FAE04EC0-301F-11D3-BF4B-00C04F79EFBC}") = "04.TreasureMap", "04.TreasureMap\04.TreasureMap.csproj", "{214AD778-96CF-4A44-BC3D-7C03F868711D}"
EndProject
Project("{2150E333-8FDC-42A3-9474-1A3956D46DE8}") = "MyExam_feb2018", "MyExam_feb2018", "{2F1F0AE2-D5A5-43CE-9D59-B1FE004D88A7}"
EndProject
Project("{FAE04EC0-301F-11D3-BF4B-00C04F79EFBC}") = "Sneaking", "..\Exam_feb_2018\Sneaking\Sneaking.csproj", "{BD0D6B99-BB99-452B-8901-FB0A3B538ADE}"
EndProject
Project("{FAE04EC0-301F-11D3-BF4B-00C04F79EFBC}") = "KeyRevolver", "..\Exam_feb_2018\KeyRevolver\KeyRevolver.csproj", "{E0146B4A-3B15-415E-9546-EC09320E6324}"
EndProject
Project("{FAE04EC0-301F-11D3-BF4B-00C04F79EFBC}") = "HitList", "..\Exam_feb_2018\HitList\HitList.csproj", "{E939A2F1-31A6-449F-A3A2-74E3FA07F629}"
EndProject
Project("{FAE04EC0-301F-11D3-BF4B-00C04F79EFBC}") = "CryptoBlockchain", "..\Exam_feb_2018\CryptoBlockchain\CryptoBlockchain.csproj", "{54505C12-11F3-4462-93FA-B53A3060A03E}"
EndProject
Project("{2150E333-8FDC-42A3-9474-1A3956D46DE8}") = "conditions", "conditions", "{05620973-4EF8-4473-B8DE-34B9B0EAC614}"
	ProjectSection(SolutionItems) = preProject
		..\..\..\Install\01. Key Revolver_Problem Description.docx = ..\..\..\Install\01. Key Revolver_Problem Description.docx
		..\..\..\Install\02. Sneaking_Problem Description.docx = ..\..\..\Install\02. Sneaking_Problem Description.docx
		..\..\..\Install\03. Crypto Blockchain_Problem Description.docx = ..\..\..\Install\03. Crypto Blockchain_Problem Description.docx
		..\..\..\Install\04. Hit List_Problem Description.docx = ..\..\..\Install\04. Hit List_Problem Description.docx
	EndProjectSection
EndProject
Project("{2150E333-8FDC-42A3-9474-1A3956D46DE8}") = "OtherExams", "OtherExams", "{CFA8F295-6EF5-4A7C-803A-A236EBD3E12F}"
EndProject
Project("{9A19103F-16F7-4668-BE54-9A1E7A4F7556}") = "CubicAssault_19062016", "..\CSharpAdvncdExamPrpration\CubicAssault_19062016\CubicAssault_19062016.csproj", "{94260A7E-D3D1-47DB-81D9-A66506409B90}"
EndProject
Project("{FAE04EC0-301F-11D3-BF4B-00C04F79EFBC}") = "HitList_IN_HOME", "..\CSharpAdvncdExamPrpration\HitList_IN_HOME\HitList_IN_HOME.csproj", "{92FBDC90-700D-4A60-8B1C-E2292455C423}"
EndProject
Project("{9A19103F-16F7-4668-BE54-9A1E7A4F7556}") = "JediGalaxy_13062016", "..\CSharpAdvncdExamPrpration\JediGalaxy_13062016\JediGalaxy_13062016.csproj", "{B21474F2-D26B-4B14-BD00-4DE2FDCC1912}"
EndProject
Project("{2150E333-8FDC-42A3-9474-1A3956D46DE8}") = "Conditions", "Conditions", "{9560D920-D5D5-443D-8CD4-58F1DC0CFB91}"
	ProjectSection(SolutionItems) = preProject
		..\..\..\Install\02. Jedi Galaxy_Условие.docx = ..\..\..\Install\02. Jedi Galaxy_Условие.docx
		..\..\..\Install\04. Cubic Assault_Условие.docx = ..\..\..\Install\04. Cubic Assault_Условие.docx
		..\..\..\Install\04. Hit List_Problem Description.docx = ..\..\..\Install\04. Hit List_Problem Description.docx
	EndProjectSection
EndProject
Global
	GlobalSection(SolutionConfigurationPlatforms) = preSolution
		Debug|Any CPU = Debug|Any CPU
		Release|Any CPU = Release|Any CPU
	EndGlobalSection
	GlobalSection(ProjectConfigurationPlatforms) = postSolution
		{0A76DCCC-7525-4CE5-A422-5913692D959B}.Debug|Any CPU.ActiveCfg = Debug|Any CPU
		{0A76DCCC-7525-4CE5-A422-5913692D959B}.Debug|Any CPU.Build.0 = Debug|Any CPU
		{0A76DCCC-7525-4CE5-A422-5913692D959B}.Release|Any CPU.ActiveCfg = Release|Any CPU
		{0A76DCCC-7525-4CE5-A422-5913692D959B}.Release|Any CPU.Build.0 = Release|Any CPU
		{91299283-C127-42A6-9469-C8C808D3F402}.Debug|Any CPU.ActiveCfg = Debug|Any CPU
		{91299283-C127-42A6-9469-C8C808D3F402}.Debug|Any CPU.Build.0 = Debug|Any CPU
		{91299283-C127-42A6-9469-C8C808D3F402}.Release|Any CPU.ActiveCfg = Release|Any CPU
		{91299283-C127-42A6-9469-C8C808D3F402}.Release|Any CPU.Build.0 = Release|Any CPU
		{45090CC1-F112-4F24-9CA0-5762852508AD}.Debug|Any CPU.ActiveCfg = Debug|Any CPU
		{45090CC1-F112-4F24-9CA0-5762852508AD}.Debug|Any CPU.Build.0 = Debug|Any CPU
		{45090CC1-F112-4F24-9CA0-5762852508AD}.Release|Any CPU.ActiveCfg = Release|Any CPU
		{45090CC1-F112-4F24-9CA0-5762852508AD}.Release|Any CPU.Build.0 = Release|Any CPU
		{F5E149B4-68AC-4EED-B871-303067D0F7FB}.Debug|Any CPU.ActiveCfg = Debug|Any CPU
		{F5E149B4-68AC-4EED-B871-303067D0F7FB}.Debug|Any CPU.Build.0 = Debug|Any CPU
		{F5E149B4-68AC-4EED-B871-303067D0F7FB}.Release|Any CPU.ActiveCfg = Release|Any CPU
		{F5E149B4-68AC-4EED-B871-303067D0F7FB}.Release|Any CPU.Build.0 = Release|Any CPU
		{60C12CB2-7B31-4AA4-B90D-4646B14352E7}.Debug|Any CPU.ActiveCfg = Debug|Any CPU
		{60C12CB2-7B31-4AA4-B90D-4646B14352E7}.Debug|Any CPU.Build.0 = Debug|Any CPU
		{60C12CB2-7B31-4AA4-B90D-4646B14352E7}.Release|Any CPU.ActiveCfg = Release|Any CPU
		{60C12CB2-7B31-4AA4-B90D-4646B14352E7}.Release|Any CPU.Build.0 = Release|Any CPU
		{8BBAE8E2-AB9B-4870-A0B6-B131A38251E9}.Debug|Any CPU.ActiveCfg = Debug|Any CPU
		{8BBAE8E2-AB9B-4870-A0B6-B131A38251E9}.Debug|Any CPU.Build.0 = Debug|Any CPU
		{8BBAE8E2-AB9B-4870-A0B6-B131A38251E9}.Release|Any CPU.ActiveCfg = Release|Any CPU
		{8BBAE8E2-AB9B-4870-A0B6-B131A38251E9}.Release|Any CPU.Build.0 = Release|Any CPU
		{F04DCA19-C613-42D5-8A9A-C758ACEF220E}.Debug|Any CPU.ActiveCfg = Debug|Any CPU
		{F04DCA19-C613-42D5-8A9A-C758ACEF220E}.Debug|Any CPU.Build.0 = Debug|Any CPU
		{F04DCA19-C613-42D5-8A9A-C758ACEF220E}.Release|Any CPU.ActiveCfg = Release|Any CPU
		{F04DCA19-C613-42D5-8A9A-C758ACEF220E}.Release|Any CPU.Build.0 = Release|Any CPU
		{16BE6DEF-01EC-4628-A6F8-FED13E404BA2}.Debug|Any CPU.ActiveCfg = Debug|Any CPU
		{16BE6DEF-01EC-4628-A6F8-FED13E404BA2}.Debug|Any CPU.Build.0 = Debug|Any CPU
		{16BE6DEF-01EC-4628-A6F8-FED13E404BA2}.Release|Any CPU.ActiveCfg = Release|Any CPU
		{16BE6DEF-01EC-4628-A6F8-FED13E404BA2}.Release|Any CPU.Build.0 = Release|Any CPU
		{AC077147-B9F6-451B-8E98-1E94A8737F11}.Debug|Any CPU.ActiveCfg = Debug|Any CPU
		{AC077147-B9F6-451B-8E98-1E94A8737F11}.Debug|Any CPU.Build.0 = Debug|Any CPU
		{AC077147-B9F6-451B-8E98-1E94A8737F11}.Release|Any CPU.ActiveCfg = Release|Any CPU
		{AC077147-B9F6-451B-8E98-1E94A8737F11}.Release|Any CPU.Build.0 = Release|Any CPU
		{043CEFE5-C93E-4032-B150-E54F9A68AC90}.Debug|Any CPU.ActiveCfg = Debug|Any CPU
		{043CEFE5-C93E-4032-B150-E54F9A68AC90}.Debug|Any CPU.Build.0 = Debug|Any CPU
		{043CEFE5-C93E-4032-B150-E54F9A68AC90}.Release|Any CPU.ActiveCfg = Release|Any CPU
		{043CEFE5-C93E-4032-B150-E54F9A68AC90}.Release|Any CPU.Build.0 = Release|Any CPU
		{B58EC656-879D-47EE-BD4C-448F8A26F84C}.Debug|Any CPU.ActiveCfg = Debug|Any CPU
		{B58EC656-879D-47EE-BD4C-448F8A26F84C}.Debug|Any CPU.Build.0 = Debug|Any CPU
		{B58EC656-879D-47EE-BD4C-448F8A26F84C}.Release|Any CPU.ActiveCfg = Release|Any CPU
		{B58EC656-879D-47EE-BD4C-448F8A26F84C}.Release|Any CPU.Build.0 = Release|Any CPU
		{A67D5869-6D4C-4603-8E12-AABFBF18E4A3}.Debug|Any CPU.ActiveCfg = Debug|Any CPU
		{A67D5869-6D4C-4603-8E12-AABFBF18E4A3}.Debug|Any CPU.Build.0 = Debug|Any CPU
		{A67D5869-6D4C-4603-8E12-AABFBF18E4A3}.Release|Any CPU.ActiveCfg = Release|Any CPU
		{A67D5869-6D4C-4603-8E12-AABFBF18E4A3}.Release|Any CPU.Build.0 = Release|Any CPU
		{09C395FA-552B-48D0-8BBF-6FC07B0E73E5}.Debug|Any CPU.ActiveCfg = Debug|Any CPU
		{09C395FA-552B-48D0-8BBF-6FC07B0E73E5}.Debug|Any CPU.Build.0 = Debug|Any CPU
		{09C395FA-552B-48D0-8BBF-6FC07B0E73E5}.Release|Any CPU.ActiveCfg = Release|Any CPU
		{09C395FA-552B-48D0-8BBF-6FC07B0E73E5}.Release|Any CPU.Build.0 = Release|Any CPU
		{5D6A1E89-0EB4-4D91-81FE-031862E32EAE}.Debug|Any CPU.ActiveCfg = Debug|Any CPU
		{5D6A1E89-0EB4-4D91-81FE-031862E32EAE}.Debug|Any CPU.Build.0 = Debug|Any CPU
		{5D6A1E89-0EB4-4D91-81FE-031862E32EAE}.Release|Any CPU.ActiveCfg = Release|Any CPU
		{5D6A1E89-0EB4-4D91-81FE-031862E32EAE}.Release|Any CPU.Build.0 = Release|Any CPU
		{EDDFA5C1-8B3D-46F8-9B7C-0197F5821297}.Debug|Any CPU.ActiveCfg = Debug|Any CPU
		{EDDFA5C1-8B3D-46F8-9B7C-0197F5821297}.Debug|Any CPU.Build.0 = Debug|Any CPU
		{EDDFA5C1-8B3D-46F8-9B7C-0197F5821297}.Release|Any CPU.ActiveCfg = Release|Any CPU
		{EDDFA5C1-8B3D-46F8-9B7C-0197F5821297}.Release|Any CPU.Build.0 = Release|Any CPU
		{F65BABAC-8F6B-4C5C-A6B1-963E9A2EAA0F}.Debug|Any CPU.ActiveCfg = Debug|Any CPU
		{F65BABAC-8F6B-4C5C-A6B1-963E9A2EAA0F}.Debug|Any CPU.Build.0 = Debug|Any CPU
		{F65BABAC-8F6B-4C5C-A6B1-963E9A2EAA0F}.Release|Any CPU.ActiveCfg = Release|Any CPU
		{F65BABAC-8F6B-4C5C-A6B1-963E9A2EAA0F}.Release|Any CPU.Build.0 = Release|Any CPU
		{37C6FD39-901C-49CB-87E3-F7DC154BB24A}.Debug|Any CPU.ActiveCfg = Debug|Any CPU
		{37C6FD39-901C-49CB-87E3-F7DC154BB24A}.Debug|Any CPU.Build.0 = Debug|Any CPU
		{37C6FD39-901C-49CB-87E3-F7DC154BB24A}.Release|Any CPU.ActiveCfg = Release|Any CPU
		{37C6FD39-901C-49CB-87E3-F7DC154BB24A}.Release|Any CPU.Build.0 = Release|Any CPU
		{3E902785-17CE-4881-8721-5C8D2CAC4FF1}.Debug|Any CPU.ActiveCfg = Debug|Any CPU
		{3E902785-17CE-4881-8721-5C8D2CAC4FF1}.Debug|Any CPU.Build.0 = Debug|Any CPU
		{3E902785-17CE-4881-8721-5C8D2CAC4FF1}.Release|Any CPU.ActiveCfg = Release|Any CPU
		{3E902785-17CE-4881-8721-5C8D2CAC4FF1}.Release|Any CPU.Build.0 = Release|Any CPU
		{A28DCA18-FFA4-4E23-B825-08913FE6235B}.Debug|Any CPU.ActiveCfg = Debug|Any CPU
		{A28DCA18-FFA4-4E23-B825-08913FE6235B}.Debug|Any CPU.Build.0 = Debug|Any CPU
		{A28DCA18-FFA4-4E23-B825-08913FE6235B}.Release|Any CPU.ActiveCfg = Release|Any CPU
		{A28DCA18-FFA4-4E23-B825-08913FE6235B}.Release|Any CPU.Build.0 = Release|Any CPU
		{25132D28-1AC3-4C56-98DE-586972E76B99}.Debug|Any CPU.ActiveCfg = Debug|Any CPU
		{25132D28-1AC3-4C56-98DE-586972E76B99}.Debug|Any CPU.Build.0 = Debug|Any CPU
		{25132D28-1AC3-4C56-98DE-586972E76B99}.Release|Any CPU.ActiveCfg = Release|Any CPU
		{25132D28-1AC3-4C56-98DE-586972E76B99}.Release|Any CPU.Build.0 = Release|Any CPU
		{03938582-9577-43F8-9CF9-61CF9B0545C4}.Debug|Any CPU.ActiveCfg = Debug|Any CPU
		{03938582-9577-43F8-9CF9-61CF9B0545C4}.Debug|Any CPU.Build.0 = Debug|Any CPU
		{03938582-9577-43F8-9CF9-61CF9B0545C4}.Release|Any CPU.ActiveCfg = Release|Any CPU
		{03938582-9577-43F8-9CF9-61CF9B0545C4}.Release|Any CPU.Build.0 = Release|Any CPU
		{AD5E18E8-185B-49CF-A016-B56F420BCBDF}.Debug|Any CPU.ActiveCfg = Debug|Any CPU
		{AD5E18E8-185B-49CF-A016-B56F420BCBDF}.Debug|Any CPU.Build.0 = Debug|Any CPU
		{AD5E18E8-185B-49CF-A016-B56F420BCBDF}.Release|Any CPU.ActiveCfg = Release|Any CPU
		{AD5E18E8-185B-49CF-A016-B56F420BCBDF}.Release|Any CPU.Build.0 = Release|Any CPU
		{433EB779-1CC4-413A-92E9-EBB1BC329FF2}.Debug|Any CPU.ActiveCfg = Debug|Any CPU
		{433EB779-1CC4-413A-92E9-EBB1BC329FF2}.Debug|Any CPU.Build.0 = Debug|Any CPU
		{433EB779-1CC4-413A-92E9-EBB1BC329FF2}.Release|Any CPU.ActiveCfg = Release|Any CPU
		{433EB779-1CC4-413A-92E9-EBB1BC329FF2}.Release|Any CPU.Build.0 = Release|Any CPU
		{33458875-57B5-4E57-A86F-6763EDB90CDF}.Debug|Any CPU.ActiveCfg = Debug|Any CPU
		{33458875-57B5-4E57-A86F-6763EDB90CDF}.Debug|Any CPU.Build.0 = Debug|Any CPU
		{33458875-57B5-4E57-A86F-6763EDB90CDF}.Release|Any CPU.ActiveCfg = Release|Any CPU
		{33458875-57B5-4E57-A86F-6763EDB90CDF}.Release|Any CPU.Build.0 = Release|Any CPU
		{46E16332-1D9A-4F6E-AC99-33FD00D4EDA2}.Debug|Any CPU.ActiveCfg = Debug|Any CPU
		{46E16332-1D9A-4F6E-AC99-33FD00D4EDA2}.Debug|Any CPU.Build.0 = Debug|Any CPU
		{46E16332-1D9A-4F6E-AC99-33FD00D4EDA2}.Release|Any CPU.ActiveCfg = Release|Any CPU
		{46E16332-1D9A-4F6E-AC99-33FD00D4EDA2}.Release|Any CPU.Build.0 = Release|Any CPU
		{2E17B4AE-AF13-42A0-A1FF-B0E3C1B6E7F8}.Debug|Any CPU.ActiveCfg = Debug|Any CPU
		{2E17B4AE-AF13-42A0-A1FF-B0E3C1B6E7F8}.Debug|Any CPU.Build.0 = Debug|Any CPU
		{2E17B4AE-AF13-42A0-A1FF-B0E3C1B6E7F8}.Release|Any CPU.ActiveCfg = Release|Any CPU
		{2E17B4AE-AF13-42A0-A1FF-B0E3C1B6E7F8}.Release|Any CPU.Build.0 = Release|Any CPU
		{6792CDC5-D09C-43A4-8A7D-279224A8EFBA}.Debug|Any CPU.ActiveCfg = Debug|Any CPU
		{6792CDC5-D09C-43A4-8A7D-279224A8EFBA}.Debug|Any CPU.Build.0 = Debug|Any CPU
		{6792CDC5-D09C-43A4-8A7D-279224A8EFBA}.Release|Any CPU.ActiveCfg = Release|Any CPU
		{6792CDC5-D09C-43A4-8A7D-279224A8EFBA}.Release|Any CPU.Build.0 = Release|Any CPU
		{5D180BDD-9D07-405D-8177-22758C2A4C10}.Debug|Any CPU.ActiveCfg = Debug|Any CPU
		{5D180BDD-9D07-405D-8177-22758C2A4C10}.Debug|Any CPU.Build.0 = Debug|Any CPU
		{5D180BDD-9D07-405D-8177-22758C2A4C10}.Release|Any CPU.ActiveCfg = Release|Any CPU
		{5D180BDD-9D07-405D-8177-22758C2A4C10}.Release|Any CPU.Build.0 = Release|Any CPU
		{F5818A24-B959-4D0A-A1A9-37AFC9DB90A6}.Debug|Any CPU.ActiveCfg = Debug|Any CPU
		{F5818A24-B959-4D0A-A1A9-37AFC9DB90A6}.Debug|Any CPU.Build.0 = Debug|Any CPU
		{F5818A24-B959-4D0A-A1A9-37AFC9DB90A6}.Release|Any CPU.ActiveCfg = Release|Any CPU
		{F5818A24-B959-4D0A-A1A9-37AFC9DB90A6}.Release|Any CPU.Build.0 = Release|Any CPU
		{751FFCDD-5A95-456E-8C77-1428749B4CAE}.Debug|Any CPU.ActiveCfg = Debug|Any CPU
		{751FFCDD-5A95-456E-8C77-1428749B4CAE}.Debug|Any CPU.Build.0 = Debug|Any CPU
		{751FFCDD-5A95-456E-8C77-1428749B4CAE}.Release|Any CPU.ActiveCfg = Release|Any CPU
		{751FFCDD-5A95-456E-8C77-1428749B4CAE}.Release|Any CPU.Build.0 = Release|Any CPU
		{D14EEB8F-1A80-4604-8100-02063B81B059}.Debug|Any CPU.ActiveCfg = Debug|Any CPU
		{D14EEB8F-1A80-4604-8100-02063B81B059}.Debug|Any CPU.Build.0 = Debug|Any CPU
		{D14EEB8F-1A80-4604-8100-02063B81B059}.Release|Any CPU.ActiveCfg = Release|Any CPU
		{D14EEB8F-1A80-4604-8100-02063B81B059}.Release|Any CPU.Build.0 = Release|Any CPU
		{770B9EFB-2BB0-4AE6-803B-626DF9103C04}.Debug|Any CPU.ActiveCfg = Debug|Any CPU
		{770B9EFB-2BB0-4AE6-803B-626DF9103C04}.Debug|Any CPU.Build.0 = Debug|Any CPU
		{770B9EFB-2BB0-4AE6-803B-626DF9103C04}.Release|Any CPU.ActiveCfg = Release|Any CPU
		{770B9EFB-2BB0-4AE6-803B-626DF9103C04}.Release|Any CPU.Build.0 = Release|Any CPU
		{FCFC2EAF-8F38-414E-AAA7-4059EA2D1FC8}.Debug|Any CPU.ActiveCfg = Debug|Any CPU
		{FCFC2EAF-8F38-414E-AAA7-4059EA2D1FC8}.Debug|Any CPU.Build.0 = Debug|Any CPU
		{FCFC2EAF-8F38-414E-AAA7-4059EA2D1FC8}.Release|Any CPU.ActiveCfg = Release|Any CPU
		{FCFC2EAF-8F38-414E-AAA7-4059EA2D1FC8}.Release|Any CPU.Build.0 = Release|Any CPU
		{994FA58F-1733-4A36-88AB-C5F7A17512A6}.Debug|Any CPU.ActiveCfg = Debug|Any CPU
		{994FA58F-1733-4A36-88AB-C5F7A17512A6}.Debug|Any CPU.Build.0 = Debug|Any CPU
		{994FA58F-1733-4A36-88AB-C5F7A17512A6}.Release|Any CPU.ActiveCfg = Release|Any CPU
		{994FA58F-1733-4A36-88AB-C5F7A17512A6}.Release|Any CPU.Build.0 = Release|Any CPU
		{A18ABE37-35AB-4A34-A995-9A0823626847}.Debug|Any CPU.ActiveCfg = Debug|Any CPU
		{A18ABE37-35AB-4A34-A995-9A0823626847}.Debug|Any CPU.Build.0 = Debug|Any CPU
		{A18ABE37-35AB-4A34-A995-9A0823626847}.Release|Any CPU.ActiveCfg = Release|Any CPU
		{A18ABE37-35AB-4A34-A995-9A0823626847}.Release|Any CPU.Build.0 = Release|Any CPU
		{B4AE9866-659C-4C75-9B16-851F66D19DDE}.Debug|Any CPU.ActiveCfg = Debug|Any CPU
		{B4AE9866-659C-4C75-9B16-851F66D19DDE}.Debug|Any CPU.Build.0 = Debug|Any CPU
		{B4AE9866-659C-4C75-9B16-851F66D19DDE}.Release|Any CPU.ActiveCfg = Release|Any CPU
		{B4AE9866-659C-4C75-9B16-851F66D19DDE}.Release|Any CPU.Build.0 = Release|Any CPU
		{C2F4729A-AC7A-4B64-AF2A-A0137AC86554}.Debug|Any CPU.ActiveCfg = Debug|Any CPU
		{C2F4729A-AC7A-4B64-AF2A-A0137AC86554}.Debug|Any CPU.Build.0 = Debug|Any CPU
		{C2F4729A-AC7A-4B64-AF2A-A0137AC86554}.Release|Any CPU.ActiveCfg = Release|Any CPU
		{C2F4729A-AC7A-4B64-AF2A-A0137AC86554}.Release|Any CPU.Build.0 = Release|Any CPU
		{214AD778-96CF-4A44-BC3D-7C03F868711D}.Debug|Any CPU.ActiveCfg = Debug|Any CPU
		{214AD778-96CF-4A44-BC3D-7C03F868711D}.Debug|Any CPU.Build.0 = Debug|Any CPU
		{214AD778-96CF-4A44-BC3D-7C03F868711D}.Release|Any CPU.ActiveCfg = Release|Any CPU
		{214AD778-96CF-4A44-BC3D-7C03F868711D}.Release|Any CPU.Build.0 = Release|Any CPU
		{BD0D6B99-BB99-452B-8901-FB0A3B538ADE}.Debug|Any CPU.ActiveCfg = Debug|Any CPU
		{BD0D6B99-BB99-452B-8901-FB0A3B538ADE}.Debug|Any CPU.Build.0 = Debug|Any CPU
		{BD0D6B99-BB99-452B-8901-FB0A3B538ADE}.Release|Any CPU.ActiveCfg = Release|Any CPU
		{BD0D6B99-BB99-452B-8901-FB0A3B538ADE}.Release|Any CPU.Build.0 = Release|Any CPU
		{E0146B4A-3B15-415E-9546-EC09320E6324}.Debug|Any CPU.ActiveCfg = Debug|Any CPU
		{E0146B4A-3B15-415E-9546-EC09320E6324}.Debug|Any CPU.Build.0 = Debug|Any CPU
		{E0146B4A-3B15-415E-9546-EC09320E6324}.Release|Any CPU.ActiveCfg = Release|Any CPU
		{E0146B4A-3B15-415E-9546-EC09320E6324}.Release|Any CPU.Build.0 = Release|Any CPU
		{E939A2F1-31A6-449F-A3A2-74E3FA07F629}.Debug|Any CPU.ActiveCfg = Debug|Any CPU
		{E939A2F1-31A6-449F-A3A2-74E3FA07F629}.Debug|Any CPU.Build.0 = Debug|Any CPU
		{E939A2F1-31A6-449F-A3A2-74E3FA07F629}.Release|Any CPU.ActiveCfg = Release|Any CPU
		{E939A2F1-31A6-449F-A3A2-74E3FA07F629}.Release|Any CPU.Build.0 = Release|Any CPU
		{54505C12-11F3-4462-93FA-B53A3060A03E}.Debug|Any CPU.ActiveCfg = Debug|Any CPU
		{54505C12-11F3-4462-93FA-B53A3060A03E}.Debug|Any CPU.Build.0 = Debug|Any CPU
		{54505C12-11F3-4462-93FA-B53A3060A03E}.Release|Any CPU.ActiveCfg = Release|Any CPU
		{54505C12-11F3-4462-93FA-B53A3060A03E}.Release|Any CPU.Build.0 = Release|Any CPU
		{94260A7E-D3D1-47DB-81D9-A66506409B90}.Debug|Any CPU.ActiveCfg = Debug|Any CPU
		{94260A7E-D3D1-47DB-81D9-A66506409B90}.Debug|Any CPU.Build.0 = Debug|Any CPU
		{94260A7E-D3D1-47DB-81D9-A66506409B90}.Release|Any CPU.ActiveCfg = Release|Any CPU
		{94260A7E-D3D1-47DB-81D9-A66506409B90}.Release|Any CPU.Build.0 = Release|Any CPU
		{92FBDC90-700D-4A60-8B1C-E2292455C423}.Debug|Any CPU.ActiveCfg = Debug|Any CPU
		{92FBDC90-700D-4A60-8B1C-E2292455C423}.Debug|Any CPU.Build.0 = Debug|Any CPU
		{92FBDC90-700D-4A60-8B1C-E2292455C423}.Release|Any CPU.ActiveCfg = Release|Any CPU
		{92FBDC90-700D-4A60-8B1C-E2292455C423}.Release|Any CPU.Build.0 = Release|Any CPU
		{B21474F2-D26B-4B14-BD00-4DE2FDCC1912}.Debug|Any CPU.ActiveCfg = Debug|Any CPU
		{B21474F2-D26B-4B14-BD00-4DE2FDCC1912}.Debug|Any CPU.Build.0 = Debug|Any CPU
		{B21474F2-D26B-4B14-BD00-4DE2FDCC1912}.Release|Any CPU.ActiveCfg = Release|Any CPU
		{B21474F2-D26B-4B14-BD00-4DE2FDCC1912}.Release|Any CPU.Build.0 = Release|Any CPU
	EndGlobalSection
	GlobalSection(SolutionProperties) = preSolution
		HideSolutionNode = FALSE
	EndGlobalSection
	GlobalSection(NestedProjects) = preSolution
		{1684FD56-733A-452F-866F-360CE7B52E0B} = {69717604-347C-41FA-9468-C1068C4F15EC}
		{0A76DCCC-7525-4CE5-A422-5913692D959B} = {1684FD56-733A-452F-866F-360CE7B52E0B}
		{91299283-C127-42A6-9469-C8C808D3F402} = {1684FD56-733A-452F-866F-360CE7B52E0B}
		{45090CC1-F112-4F24-9CA0-5762852508AD} = {1684FD56-733A-452F-866F-360CE7B52E0B}
		{F5E149B4-68AC-4EED-B871-303067D0F7FB} = {1684FD56-733A-452F-866F-360CE7B52E0B}
		{E06A292C-4DD1-4232-99AF-8B03699F6D9F} = {1684FD56-733A-452F-866F-360CE7B52E0B}
		{FD152BCB-1BFD-4F22-90E2-CC36AD8629DD} = {69717604-347C-41FA-9468-C1068C4F15EC}
		{1656B798-D9A9-4590-B051-D6F111A9095D} = {FD152BCB-1BFD-4F22-90E2-CC36AD8629DD}
		{60C12CB2-7B31-4AA4-B90D-4646B14352E7} = {FD152BCB-1BFD-4F22-90E2-CC36AD8629DD}
		{8BBAE8E2-AB9B-4870-A0B6-B131A38251E9} = {FD152BCB-1BFD-4F22-90E2-CC36AD8629DD}
		{F04DCA19-C613-42D5-8A9A-C758ACEF220E} = {FD152BCB-1BFD-4F22-90E2-CC36AD8629DD}
		{16BE6DEF-01EC-4628-A6F8-FED13E404BA2} = {FD152BCB-1BFD-4F22-90E2-CC36AD8629DD}
		{AC077147-B9F6-451B-8E98-1E94A8737F11} = {FD152BCB-1BFD-4F22-90E2-CC36AD8629DD}
		{043CEFE5-C93E-4032-B150-E54F9A68AC90} = {FD152BCB-1BFD-4F22-90E2-CC36AD8629DD}
		{B58EC656-879D-47EE-BD4C-448F8A26F84C} = {FD152BCB-1BFD-4F22-90E2-CC36AD8629DD}
		{A67D5869-6D4C-4603-8E12-AABFBF18E4A3} = {FD152BCB-1BFD-4F22-90E2-CC36AD8629DD}
		{09C395FA-552B-48D0-8BBF-6FC07B0E73E5} = {FD152BCB-1BFD-4F22-90E2-CC36AD8629DD}
		{B83E998B-3060-4DDE-AC7C-FE02DC9D0729} = {A247F23F-D82A-4276-A101-08586DC83753}
		{6DA8A7BB-A238-402F-BDDE-AFA27D8832B4} = {A247F23F-D82A-4276-A101-08586DC83753}
		{5D6A1E89-0EB4-4D91-81FE-031862E32EAE} = {B83E998B-3060-4DDE-AC7C-FE02DC9D0729}
		{EDDFA5C1-8B3D-46F8-9B7C-0197F5821297} = {B83E998B-3060-4DDE-AC7C-FE02DC9D0729}
		{F65BABAC-8F6B-4C5C-A6B1-963E9A2EAA0F} = {B83E998B-3060-4DDE-AC7C-FE02DC9D0729}
		{37C6FD39-901C-49CB-87E3-F7DC154BB24A} = {B83E998B-3060-4DDE-AC7C-FE02DC9D0729}
		{3E902785-17CE-4881-8721-5C8D2CAC4FF1} = {B83E998B-3060-4DDE-AC7C-FE02DC9D0729}
		{A28DCA18-FFA4-4E23-B825-08913FE6235B} = {6DA8A7BB-A238-402F-BDDE-AFA27D8832B4}
		{25132D28-1AC3-4C56-98DE-586972E76B99} = {6DA8A7BB-A238-402F-BDDE-AFA27D8832B4}
		{03938582-9577-43F8-9CF9-61CF9B0545C4} = {6DA8A7BB-A238-402F-BDDE-AFA27D8832B4}
		{AD5E18E8-185B-49CF-A016-B56F420BCBDF} = {6DA8A7BB-A238-402F-BDDE-AFA27D8832B4}
		{433EB779-1CC4-413A-92E9-EBB1BC329FF2} = {6DA8A7BB-A238-402F-BDDE-AFA27D8832B4}
		{33458875-57B5-4E57-A86F-6763EDB90CDF} = {6DA8A7BB-A238-402F-BDDE-AFA27D8832B4}
		{46E16332-1D9A-4F6E-AC99-33FD00D4EDA2} = {6DA8A7BB-A238-402F-BDDE-AFA27D8832B4}
		{E88C6D4B-7B9F-4F8F-BD07-BC5A63EBEA93} = {B83E998B-3060-4DDE-AC7C-FE02DC9D0729}
		{E3882D96-F7EA-4C65-A71E-E8E2A44AAECC} = {6DA8A7BB-A238-402F-BDDE-AFA27D8832B4}
		{2E17B4AE-AF13-42A0-A1FF-B0E3C1B6E7F8} = {6DA8A7BB-A238-402F-BDDE-AFA27D8832B4}
		{6792CDC5-D09C-43A4-8A7D-279224A8EFBA} = {6DA8A7BB-A238-402F-BDDE-AFA27D8832B4}
		{5D180BDD-9D07-405D-8177-22758C2A4C10} = {6DA8A7BB-A238-402F-BDDE-AFA27D8832B4}
		{F5818A24-B959-4D0A-A1A9-37AFC9DB90A6} = {6DA8A7BB-A238-402F-BDDE-AFA27D8832B4}
		{751FFCDD-5A95-456E-8C77-1428749B4CAE} = {6DA8A7BB-A238-402F-BDDE-AFA27D8832B4}
		{BFF42F3A-C1DD-40D3-86CF-DED997F7E4E6} = {73BE31F5-5975-478F-8C27-0648672202EA}
		{45498126-4E00-4159-A217-6AD680881178} = {BFF42F3A-C1DD-40D3-86CF-DED997F7E4E6}
		{D14EEB8F-1A80-4604-8100-02063B81B059} = {BFF42F3A-C1DD-40D3-86CF-DED997F7E4E6}
		{770B9EFB-2BB0-4AE6-803B-626DF9103C04} = {BFF42F3A-C1DD-40D3-86CF-DED997F7E4E6}
		{FCFC2EAF-8F38-414E-AAA7-4059EA2D1FC8} = {BFF42F3A-C1DD-40D3-86CF-DED997F7E4E6}
		{994FA58F-1733-4A36-88AB-C5F7A17512A6} = {BFF42F3A-C1DD-40D3-86CF-DED997F7E4E6}
		{DB987D8B-B63D-48AF-9604-9F3557F0CAB5} = {73BE31F5-5975-478F-8C27-0648672202EA}
		{A52947E1-0740-4F22-9065-58C40F27CAF6} = {DB987D8B-B63D-48AF-9604-9F3557F0CAB5}
		{A18ABE37-35AB-4A34-A995-9A0823626847} = {DB987D8B-B63D-48AF-9604-9F3557F0CAB5}
		{B4AE9866-659C-4C75-9B16-851F66D19DDE} = {DB987D8B-B63D-48AF-9604-9F3557F0CAB5}
		{C2F4729A-AC7A-4B64-AF2A-A0137AC86554} = {DB987D8B-B63D-48AF-9604-9F3557F0CAB5}
		{214AD778-96CF-4A44-BC3D-7C03F868711D} = {DB987D8B-B63D-48AF-9604-9F3557F0CAB5}
		{2F1F0AE2-D5A5-43CE-9D59-B1FE004D88A7} = {73BE31F5-5975-478F-8C27-0648672202EA}
		{BD0D6B99-BB99-452B-8901-FB0A3B538ADE} = {2F1F0AE2-D5A5-43CE-9D59-B1FE004D88A7}
		{E0146B4A-3B15-415E-9546-EC09320E6324} = {2F1F0AE2-D5A5-43CE-9D59-B1FE004D88A7}
		{E939A2F1-31A6-449F-A3A2-74E3FA07F629} = {2F1F0AE2-D5A5-43CE-9D59-B1FE004D88A7}
		{54505C12-11F3-4462-93FA-B53A3060A03E} = {2F1F0AE2-D5A5-43CE-9D59-B1FE004D88A7}
		{05620973-4EF8-4473-B8DE-34B9B0EAC614} = {2F1F0AE2-D5A5-43CE-9D59-B1FE004D88A7}
		{CFA8F295-6EF5-4A7C-803A-A236EBD3E12F} = {73BE31F5-5975-478F-8C27-0648672202EA}
		{94260A7E-D3D1-47DB-81D9-A66506409B90} = {CFA8F295-6EF5-4A7C-803A-A236EBD3E12F}
		{92FBDC90-700D-4A60-8B1C-E2292455C423} = {CFA8F295-6EF5-4A7C-803A-A236EBD3E12F}
		{B21474F2-D26B-4B14-BD00-4DE2FDCC1912} = {CFA8F295-6EF5-4A7C-803A-A236EBD3E12F}
		{9560D920-D5D5-443D-8CD4-58F1DC0CFB91} = {CFA8F295-6EF5-4A7C-803A-A236EBD3E12F}
	EndGlobalSection
	GlobalSection(ExtensibilityGlobals) = postSolution
		SolutionGuid = {420217A7-5F9B-41AF-A4E6-10C3962F622D}
	EndGlobalSection
EndGlobal
